
Microsoft Visual Studio Solution File, Format Version 12.00
Project("{F2A71F9B-5D33-465A-A702-920D77279786}") = "AOC-2023", "AOC-2023\AOC-2023.fsproj", "{AB27F6D9-085E-4377-8704-EFBE347C46BA}"
EndProject
Project("{F2A71F9B-5D33-465A-A702-920D77279786}") = "UnitTests", "UnitTests\UnitTests.fsproj", "{BF6B3BC8-FC92-4E6F-8E58-BCBD7ECE61E5}"
EndProject
Global
	GlobalSection(SolutionConfigurationPlatforms) = preSolution
		Debug|Any CPU = Debug|Any CPU
		Release|Any CPU = Release|Any CPU
	EndGlobalSection
	GlobalSection(ProjectConfigurationPlatforms) = postSolution
		{AB27F6D9-085E-4377-8704-EFBE347C46BA}.Debug|Any CPU.ActiveCfg = Debug|Any CPU
		{AB27F6D9-085E-4377-8704-EFBE347C46BA}.Debug|Any CPU.Build.0 = Debug|Any CPU
		{AB27F6D9-085E-4377-8704-EFBE347C46BA}.Release|Any CPU.ActiveCfg = Release|Any CPU
		{AB27F6D9-085E-4377-8704-EFBE347C46BA}.Release|Any CPU.Build.0 = Release|Any CPU
		{BF6B3BC8-FC92-4E6F-8E58-BCBD7ECE61E5}.Debug|Any CPU.ActiveCfg = Debug|Any CPU
		{BF6B3BC8-FC92-4E6F-8E58-BCBD7ECE61E5}.Debug|Any CPU.Build.0 = Debug|Any CPU
		{BF6B3BC8-FC92-4E6F-8E58-BCBD7ECE61E5}.Release|Any CPU.ActiveCfg = Release|Any CPU
		{BF6B3BC8-FC92-4E6F-8E58-BCBD7ECE61E5}.Release|Any CPU.Build.0 = Release|Any CPU
	EndGlobalSection
EndGlobal
